
Microsoft Visual Studio Solution File, Format Version 12.00
# Visual Studio 15
VisualStudioVersion = 15.0.28307.421
MinimumVisualStudioVersion = 10.0.40219.1
Project("{FAE04EC0-301F-11D3-BF4B-00C04F79EFBC}") = "SoftwareEngineeringProject", "SoftwareEngineeringProject.csproj", "{5E7ADDE2-0724-4F8D-ACE1-407344CFF334}"
EndProject
Global
	GlobalSection(SolutionConfigurationPlatforms) = preSolution
		Debug|Any CPU = Debug|Any CPU
		Release|Any CPU = Release|Any CPU
	EndGlobalSection
	GlobalSection(ProjectConfigurationPlatforms) = postSolution
		{5E7ADDE2-0724-4F8D-ACE1-407344CFF334}.Debug|Any CPU.ActiveCfg = Debug|Any CPU
		{5E7ADDE2-0724-4F8D-ACE1-407344CFF334}.Debug|Any CPU.Build.0 = Debug|Any CPU
		{5E7ADDE2-0724-4F8D-ACE1-407344CFF334}.Release|Any CPU.ActiveCfg = Release|Any CPU
		{5E7ADDE2-0724-4F8D-ACE1-407344CFF334}.Release|Any CPU.Build.0 = Release|Any CPU
	EndGlobalSection
	GlobalSection(SolutionProperties) = preSolution
		HideSolutionNode = FALSE
	EndGlobalSection
	GlobalSection(ExtensibilityGlobals) = postSolution
		SolutionGuid = {693E376C-035B-44C8-B388-0771C2A6A9CE}
	EndGlobalSection
EndGlobal
